// !$*UTF8*$!
{
	archiveVersion = 1;
	classes = {
	};
	objectVersion = 46;
	objects = {

/* Begin PBXAggregateTarget section */
		"Guava::GuavaPackageTests::ProductTarget" /* GuavaPackageTests */ = {
			isa = PBXAggregateTarget;
			buildConfigurationList = OBJ_90 /* Build configuration list for PBXAggregateTarget "GuavaPackageTests" */;
			buildPhases = (
			);
			dependencies = (
				OBJ_93 /* PBXTargetDependency */,
				OBJ_95 /* PBXTargetDependency */,
			);
			name = GuavaPackageTests;
			productName = GuavaPackageTests;
		};
/* End PBXAggregateTarget section */

/* Begin PBXBuildFile section */
		A75C953F27E9E4C60064101E /* ThrowingAsyncTestDoubleFactory.swift in Sources */ = {isa = PBXBuildFile; fileRef = A75C953C27E9E4C60064101E /* ThrowingAsyncTestDoubleFactory.swift */; };
		A75C954027E9E4C60064101E /* AsyncTestDoubleFactory.swift in Sources */ = {isa = PBXBuildFile; fileRef = A75C953D27E9E4C60064101E /* AsyncTestDoubleFactory.swift */; };
		A75C954127E9E4C60064101E /* ThrowingAsyncInvokable.swift in Sources */ = {isa = PBXBuildFile; fileRef = A75C953E27E9E4C60064101E /* ThrowingAsyncInvokable.swift */; };
		A7EBAC6627E8A80700F4B334 /* AsyncInvokable.swift in Sources */ = {isa = PBXBuildFile; fileRef = A7EBAC6527E8A80700F4B334 /* AsyncInvokable.swift */; };
		A7FAD0FE27E4802C00D66306 /* ThrowingTestDoubleFactory.swift in Sources */ = {isa = PBXBuildFile; fileRef = A7FAD0FA27E4802C00D66306 /* ThrowingTestDoubleFactory.swift */; };
		A7FAD0FF27E4802C00D66306 /* ThrowingInvokable.swift in Sources */ = {isa = PBXBuildFile; fileRef = A7FAD0FB27E4802C00D66306 /* ThrowingInvokable.swift */; };
		A7FAD10327E4807B00D66306 /* NSError+.swift in Sources */ = {isa = PBXBuildFile; fileRef = A7FAD10127E4804D00D66306 /* NSError+.swift */; };
		A7FAD10527E4AA1C00D66306 /* Closure.swift in Sources */ = {isa = PBXBuildFile; fileRef = A7FAD10427E4AA1C00D66306 /* Closure.swift */; };
		OBJ_100 /* GuavaReporterTests.swift in Sources */ = {isa = PBXBuildFile; fileRef = OBJ_34 /* GuavaReporterTests.swift */; };
		OBJ_101 /* GuavaTests.swift in Sources */ = {isa = PBXBuildFile; fileRef = OBJ_35 /* GuavaTests.swift */; };
		OBJ_102 /* TestableObjects.swift in Sources */ = {isa = PBXBuildFile; fileRef = OBJ_36 /* TestableObjects.swift */; };
		OBJ_103 /* TestableReporter.swift in Sources */ = {isa = PBXBuildFile; fileRef = OBJ_37 /* TestableReporter.swift */; };
		OBJ_104 /* XCTestManifests.swift in Sources */ = {isa = PBXBuildFile; fileRef = OBJ_38 /* XCTestManifests.swift */; };
		OBJ_106 /* Guava.framework in Frameworks */ = {isa = PBXBuildFile; fileRef = "Guava::Guava::Product" /* Guava.framework */; };
		OBJ_54 /* FakeExampleTests.swift in Sources */ = {isa = PBXBuildFile; fileRef = OBJ_28 /* FakeExampleTests.swift */; };
		OBJ_55 /* SpyExampleTests.swift in Sources */ = {isa = PBXBuildFile; fileRef = OBJ_29 /* SpyExampleTests.swift */; };
		OBJ_56 /* StubExampleTests.swift in Sources */ = {isa = PBXBuildFile; fileRef = OBJ_30 /* StubExampleTests.swift */; };
		OBJ_57 /* TestDoubleFactoryExample.swift in Sources */ = {isa = PBXBuildFile; fileRef = OBJ_31 /* TestDoubleFactoryExample.swift */; };
		OBJ_58 /* XCTestManifests.swift in Sources */ = {isa = PBXBuildFile; fileRef = OBJ_32 /* XCTestManifests.swift */; };
		OBJ_60 /* Guava.framework in Frameworks */ = {isa = PBXBuildFile; fileRef = "Guava::Guava::Product" /* Guava.framework */; };
		OBJ_67 /* Argument.swift in Sources */ = {isa = PBXBuildFile; fileRef = OBJ_9 /* Argument.swift */; };
		OBJ_68 /* Array+Argument.swift in Sources */ = {isa = PBXBuildFile; fileRef = OBJ_10 /* Array+Argument.swift */; };
		OBJ_69 /* Fake.swift in Sources */ = {isa = PBXBuildFile; fileRef = OBJ_11 /* Fake.swift */; };
		OBJ_70 /* Invokable.swift in Sources */ = {isa = PBXBuildFile; fileRef = OBJ_12 /* Invokable.swift */; };
		OBJ_71 /* MethodCall.swift in Sources */ = {isa = PBXBuildFile; fileRef = OBJ_13 /* MethodCall.swift */; };
		OBJ_72 /* RecordedMethodCall.swift in Sources */ = {isa = PBXBuildFile; fileRef = OBJ_14 /* RecordedMethodCall.swift */; };
		OBJ_73 /* Spy.swift in Sources */ = {isa = PBXBuildFile; fileRef = OBJ_15 /* Spy.swift */; };
		OBJ_74 /* Stub.swift in Sources */ = {isa = PBXBuildFile; fileRef = OBJ_16 /* Stub.swift */; };
		OBJ_75 /* TestDoubleFactory.swift in Sources */ = {isa = PBXBuildFile; fileRef = OBJ_17 /* TestDoubleFactory.swift */; };
		OBJ_76 /* AssertionFailure.swift in Sources */ = {isa = PBXBuildFile; fileRef = OBJ_19 /* AssertionFailure.swift */; };
		OBJ_77 /* DefaultFailureReportHandler.swift in Sources */ = {isa = PBXBuildFile; fileRef = OBJ_20 /* DefaultFailureReportHandler.swift */; };
		OBJ_78 /* FailureReportHandler.swift in Sources */ = {isa = PBXBuildFile; fileRef = OBJ_21 /* FailureReportHandler.swift */; };
		OBJ_79 /* FailureReporter.swift in Sources */ = {isa = PBXBuildFile; fileRef = OBJ_22 /* FailureReporter.swift */; };
		OBJ_80 /* Result+Guava.swift in Sources */ = {isa = PBXBuildFile; fileRef = OBJ_24 /* Result+Guava.swift */; };
		OBJ_81 /* XCTAssert.swift in Sources */ = {isa = PBXBuildFile; fileRef = OBJ_25 /* XCTAssert.swift */; };
		OBJ_88 /* Package.swift in Sources */ = {isa = PBXBuildFile; fileRef = OBJ_6 /* Package.swift */; };
/* End PBXBuildFile section */

/* Begin PBXContainerItemProxy section */
		721CE4F6265BD9AB00B478A1 /* PBXContainerItemProxy */ = {
			isa = PBXContainerItemProxy;
			containerPortal = OBJ_1 /* Project object */;
			proxyType = 1;
			remoteGlobalIDString = "Guava::Guava";
			remoteInfo = Guava;
		};
		721CE4F7265BD9AB00B478A1 /* PBXContainerItemProxy */ = {
			isa = PBXContainerItemProxy;
			containerPortal = OBJ_1 /* Project object */;
			proxyType = 1;
			remoteGlobalIDString = "Guava::Guava";
			remoteInfo = Guava;
		};
		72D4D78A265BDA2A007250B7 /* PBXContainerItemProxy */ = {
			isa = PBXContainerItemProxy;
			containerPortal = OBJ_1 /* Project object */;
			proxyType = 1;
			remoteGlobalIDString = "Guava::GuavaTests";
			remoteInfo = GuavaTests;
		};
		72D4D78B265BDA2A007250B7 /* PBXContainerItemProxy */ = {
			isa = PBXContainerItemProxy;
			containerPortal = OBJ_1 /* Project object */;
			proxyType = 1;
			remoteGlobalIDString = "Guava::ExampleTests";
			remoteInfo = ExampleTests;
		};
/* End PBXContainerItemProxy section */

/* Begin PBXFileReference section */
		A75C953C27E9E4C60064101E /* ThrowingAsyncTestDoubleFactory.swift */ = {isa = PBXFileReference; fileEncoding = 4; lastKnownFileType = sourcecode.swift; path = ThrowingAsyncTestDoubleFactory.swift; sourceTree = "<group>"; };
		A75C953D27E9E4C60064101E /* AsyncTestDoubleFactory.swift */ = {isa = PBXFileReference; fileEncoding = 4; lastKnownFileType = sourcecode.swift; path = AsyncTestDoubleFactory.swift; sourceTree = "<group>"; };
		A75C953E27E9E4C60064101E /* ThrowingAsyncInvokable.swift */ = {isa = PBXFileReference; fileEncoding = 4; lastKnownFileType = sourcecode.swift; path = ThrowingAsyncInvokable.swift; sourceTree = "<group>"; };
		A7EBAC6527E8A80700F4B334 /* AsyncInvokable.swift */ = {isa = PBXFileReference; lastKnownFileType = sourcecode.swift; path = AsyncInvokable.swift; sourceTree = "<group>"; };
		A7FAD0FA27E4802C00D66306 /* ThrowingTestDoubleFactory.swift */ = {isa = PBXFileReference; fileEncoding = 4; lastKnownFileType = sourcecode.swift; path = ThrowingTestDoubleFactory.swift; sourceTree = "<group>"; };
		A7FAD0FB27E4802C00D66306 /* ThrowingInvokable.swift */ = {isa = PBXFileReference; fileEncoding = 4; lastKnownFileType = sourcecode.swift; path = ThrowingInvokable.swift; sourceTree = "<group>"; };
		A7FAD10127E4804D00D66306 /* NSError+.swift */ = {isa = PBXFileReference; fileEncoding = 4; lastKnownFileType = sourcecode.swift; path = "NSError+.swift"; sourceTree = "<group>"; };
		A7FAD10427E4AA1C00D66306 /* Closure.swift */ = {isa = PBXFileReference; lastKnownFileType = sourcecode.swift; path = Closure.swift; sourceTree = "<group>"; };
		"Guava::ExampleTests::Product" /* ExampleTests.xctest */ = {isa = PBXFileReference; lastKnownFileType = file; path = ExampleTests.xctest; sourceTree = BUILT_PRODUCTS_DIR; };
		"Guava::Guava::Product" /* Guava.framework */ = {isa = PBXFileReference; explicitFileType = wrapper.framework; path = Guava.framework; sourceTree = BUILT_PRODUCTS_DIR; };
		"Guava::GuavaTests::Product" /* GuavaTests.xctest */ = {isa = PBXFileReference; lastKnownFileType = file; path = GuavaTests.xctest; sourceTree = BUILT_PRODUCTS_DIR; };
		OBJ_10 /* Array+Argument.swift */ = {isa = PBXFileReference; lastKnownFileType = sourcecode.swift; path = "Array+Argument.swift"; sourceTree = "<group>"; };
		OBJ_11 /* Fake.swift */ = {isa = PBXFileReference; lastKnownFileType = sourcecode.swift; path = Fake.swift; sourceTree = "<group>"; };
		OBJ_12 /* Invokable.swift */ = {isa = PBXFileReference; lastKnownFileType = sourcecode.swift; path = Invokable.swift; sourceTree = "<group>"; };
		OBJ_13 /* MethodCall.swift */ = {isa = PBXFileReference; lastKnownFileType = sourcecode.swift; path = MethodCall.swift; sourceTree = "<group>"; };
		OBJ_14 /* RecordedMethodCall.swift */ = {isa = PBXFileReference; lastKnownFileType = sourcecode.swift; path = RecordedMethodCall.swift; sourceTree = "<group>"; };
		OBJ_15 /* Spy.swift */ = {isa = PBXFileReference; lastKnownFileType = sourcecode.swift; path = Spy.swift; sourceTree = "<group>"; };
		OBJ_16 /* Stub.swift */ = {isa = PBXFileReference; lastKnownFileType = sourcecode.swift; path = Stub.swift; sourceTree = "<group>"; };
		OBJ_17 /* TestDoubleFactory.swift */ = {isa = PBXFileReference; lastKnownFileType = sourcecode.swift; path = TestDoubleFactory.swift; sourceTree = "<group>"; };
		OBJ_19 /* AssertionFailure.swift */ = {isa = PBXFileReference; lastKnownFileType = sourcecode.swift; path = AssertionFailure.swift; sourceTree = "<group>"; };
		OBJ_20 /* DefaultFailureReportHandler.swift */ = {isa = PBXFileReference; lastKnownFileType = sourcecode.swift; path = DefaultFailureReportHandler.swift; sourceTree = "<group>"; };
		OBJ_21 /* FailureReportHandler.swift */ = {isa = PBXFileReference; lastKnownFileType = sourcecode.swift; path = FailureReportHandler.swift; sourceTree = "<group>"; };
		OBJ_22 /* FailureReporter.swift */ = {isa = PBXFileReference; lastKnownFileType = sourcecode.swift; path = FailureReporter.swift; sourceTree = "<group>"; };
		OBJ_24 /* Result+Guava.swift */ = {isa = PBXFileReference; lastKnownFileType = sourcecode.swift; path = "Result+Guava.swift"; sourceTree = "<group>"; };
		OBJ_25 /* XCTAssert.swift */ = {isa = PBXFileReference; lastKnownFileType = sourcecode.swift; path = XCTAssert.swift; sourceTree = "<group>"; };
		OBJ_28 /* FakeExampleTests.swift */ = {isa = PBXFileReference; lastKnownFileType = sourcecode.swift; path = FakeExampleTests.swift; sourceTree = "<group>"; };
		OBJ_29 /* SpyExampleTests.swift */ = {isa = PBXFileReference; lastKnownFileType = sourcecode.swift; path = SpyExampleTests.swift; sourceTree = "<group>"; };
		OBJ_30 /* StubExampleTests.swift */ = {isa = PBXFileReference; lastKnownFileType = sourcecode.swift; path = StubExampleTests.swift; sourceTree = "<group>"; };
		OBJ_31 /* TestDoubleFactoryExample.swift */ = {isa = PBXFileReference; lastKnownFileType = sourcecode.swift; path = TestDoubleFactoryExample.swift; sourceTree = "<group>"; };
		OBJ_32 /* XCTestManifests.swift */ = {isa = PBXFileReference; lastKnownFileType = sourcecode.swift; path = XCTestManifests.swift; sourceTree = "<group>"; };
		OBJ_34 /* GuavaReporterTests.swift */ = {isa = PBXFileReference; lastKnownFileType = sourcecode.swift; path = GuavaReporterTests.swift; sourceTree = "<group>"; };
		OBJ_35 /* GuavaTests.swift */ = {isa = PBXFileReference; lastKnownFileType = sourcecode.swift; path = GuavaTests.swift; sourceTree = "<group>"; };
		OBJ_36 /* TestableObjects.swift */ = {isa = PBXFileReference; lastKnownFileType = sourcecode.swift; path = TestableObjects.swift; sourceTree = "<group>"; };
		OBJ_37 /* TestableReporter.swift */ = {isa = PBXFileReference; lastKnownFileType = sourcecode.swift; path = TestableReporter.swift; sourceTree = "<group>"; };
		OBJ_38 /* XCTestManifests.swift */ = {isa = PBXFileReference; lastKnownFileType = sourcecode.swift; path = XCTestManifests.swift; sourceTree = "<group>"; };
		OBJ_43 /* Documentation */ = {isa = PBXFileReference; lastKnownFileType = folder; path = Documentation; sourceTree = SOURCE_ROOT; };
		OBJ_44 /* Carthage */ = {isa = PBXFileReference; lastKnownFileType = folder; path = Carthage; sourceTree = SOURCE_ROOT; };
		OBJ_45 /* script */ = {isa = PBXFileReference; lastKnownFileType = folder; path = script; sourceTree = SOURCE_ROOT; };
		OBJ_46 /* LICENSE */ = {isa = PBXFileReference; lastKnownFileType = text; path = LICENSE; sourceTree = "<group>"; };
		OBJ_47 /* Makefile */ = {isa = PBXFileReference; lastKnownFileType = sourcecode.make; path = Makefile; sourceTree = "<group>"; };
		OBJ_48 /* README.md */ = {isa = PBXFileReference; lastKnownFileType = net.daringfireball.markdown; path = README.md; sourceTree = "<group>"; };
		OBJ_6 /* Package.swift */ = {isa = PBXFileReference; explicitFileType = sourcecode.swift; path = Package.swift; sourceTree = "<group>"; };
		OBJ_9 /* Argument.swift */ = {isa = PBXFileReference; lastKnownFileType = sourcecode.swift; path = Argument.swift; sourceTree = "<group>"; };
/* End PBXFileReference section */

/* Begin PBXFrameworksBuildPhase section */
		OBJ_105 /* Frameworks */ = {
			isa = PBXFrameworksBuildPhase;
			buildActionMask = 0;
			files = (
				OBJ_106 /* Guava.framework in Frameworks */,
			);
			runOnlyForDeploymentPostprocessing = 0;
		};
		OBJ_59 /* Frameworks */ = {
			isa = PBXFrameworksBuildPhase;
			buildActionMask = 0;
			files = (
				OBJ_60 /* Guava.framework in Frameworks */,
			);
			runOnlyForDeploymentPostprocessing = 0;
		};
		OBJ_82 /* Frameworks */ = {
			isa = PBXFrameworksBuildPhase;
			buildActionMask = 0;
			files = (
			);
			runOnlyForDeploymentPostprocessing = 0;
		};
/* End PBXFrameworksBuildPhase section */

/* Begin PBXGroup section */
		OBJ_18 /* FailureReporter */ = {
			isa = PBXGroup;
			children = (
				OBJ_19 /* AssertionFailure.swift */,
				OBJ_20 /* DefaultFailureReportHandler.swift */,
				OBJ_21 /* FailureReportHandler.swift */,
				OBJ_22 /* FailureReporter.swift */,
			);
			path = FailureReporter;
			sourceTree = "<group>";
		};
		OBJ_23 /* XCTAssert */ = {
			isa = PBXGroup;
			children = (
				OBJ_24 /* Result+Guava.swift */,
				OBJ_25 /* XCTAssert.swift */,
			);
			path = XCTAssert;
			sourceTree = "<group>";
		};
		OBJ_26 /* Tests */ = {
			isa = PBXGroup;
			children = (
				OBJ_27 /* ExampleTests */,
				OBJ_33 /* GuavaTests */,
			);
			name = Tests;
			sourceTree = SOURCE_ROOT;
		};
		OBJ_27 /* ExampleTests */ = {
			isa = PBXGroup;
			children = (
				OBJ_28 /* FakeExampleTests.swift */,
				OBJ_29 /* SpyExampleTests.swift */,
				OBJ_30 /* StubExampleTests.swift */,
				OBJ_31 /* TestDoubleFactoryExample.swift */,
				OBJ_32 /* XCTestManifests.swift */,
			);
			name = ExampleTests;
			path = Tests/ExampleTests;
			sourceTree = SOURCE_ROOT;
		};
		OBJ_33 /* GuavaTests */ = {
			isa = PBXGroup;
			children = (
				A7FAD10127E4804D00D66306 /* NSError+.swift */,
				OBJ_34 /* GuavaReporterTests.swift */,
				OBJ_35 /* GuavaTests.swift */,
				OBJ_36 /* TestableObjects.swift */,
				OBJ_37 /* TestableReporter.swift */,
				OBJ_38 /* XCTestManifests.swift */,
			);
			name = GuavaTests;
			path = Tests/GuavaTests;
			sourceTree = SOURCE_ROOT;
		};
		OBJ_39 /* Products */ = {
			isa = PBXGroup;
			children = (
				"Guava::ExampleTests::Product" /* ExampleTests.xctest */,
				"Guava::Guava::Product" /* Guava.framework */,
				"Guava::GuavaTests::Product" /* GuavaTests.xctest */,
			);
			name = Products;
			sourceTree = BUILT_PRODUCTS_DIR;
		};
		OBJ_5 = {
			isa = PBXGroup;
			children = (
				OBJ_6 /* Package.swift */,
				OBJ_7 /* Sources */,
				OBJ_26 /* Tests */,
				OBJ_39 /* Products */,
				OBJ_43 /* Documentation */,
				OBJ_44 /* Carthage */,
				OBJ_45 /* script */,
				OBJ_46 /* LICENSE */,
				OBJ_47 /* Makefile */,
				OBJ_48 /* README.md */,
			);
			sourceTree = "<group>";
		};
		OBJ_7 /* Sources */ = {
			isa = PBXGroup;
			children = (
				OBJ_8 /* Entities */,
				OBJ_18 /* FailureReporter */,
				OBJ_23 /* XCTAssert */,
			);
			path = Sources;
			sourceTree = SOURCE_ROOT;
		};
		OBJ_8 /* Entities */ = {
			isa = PBXGroup;
			children = (
				A75C953D27E9E4C60064101E /* AsyncTestDoubleFactory.swift */,
				A75C953E27E9E4C60064101E /* ThrowingAsyncInvokable.swift */,
				A75C953C27E9E4C60064101E /* ThrowingAsyncTestDoubleFactory.swift */,
				A7FAD0FB27E4802C00D66306 /* ThrowingInvokable.swift */,
				A7FAD0FA27E4802C00D66306 /* ThrowingTestDoubleFactory.swift */,
				OBJ_9 /* Argument.swift */,
				OBJ_10 /* Array+Argument.swift */,
				OBJ_11 /* Fake.swift */,
				A7EBAC6527E8A80700F4B334 /* AsyncInvokable.swift */,
				OBJ_12 /* Invokable.swift */,
				OBJ_13 /* MethodCall.swift */,
				OBJ_14 /* RecordedMethodCall.swift */,
				OBJ_15 /* Spy.swift */,
				OBJ_16 /* Stub.swift */,
				OBJ_17 /* TestDoubleFactory.swift */,
				A7FAD10427E4AA1C00D66306 /* Closure.swift */,
			);
			path = Entities;
			sourceTree = "<group>";
		};
/* End PBXGroup section */

/* Begin PBXNativeTarget section */
		"Guava::ExampleTests" /* ExampleTests */ = {
			isa = PBXNativeTarget;
			buildConfigurationList = OBJ_50 /* Build configuration list for PBXNativeTarget "ExampleTests" */;
			buildPhases = (
				OBJ_53 /* Sources */,
				OBJ_59 /* Frameworks */,
			);
			buildRules = (
			);
			dependencies = (
				OBJ_61 /* PBXTargetDependency */,
			);
			name = ExampleTests;
			productName = ExampleTests;
			productReference = "Guava::ExampleTests::Product" /* ExampleTests.xctest */;
			productType = "com.apple.product-type.bundle.unit-test";
		};
		"Guava::Guava" /* Guava */ = {
			isa = PBXNativeTarget;
			buildConfigurationList = OBJ_63 /* Build configuration list for PBXNativeTarget "Guava" */;
			buildPhases = (
				OBJ_66 /* Sources */,
				OBJ_82 /* Frameworks */,
			);
			buildRules = (
			);
			dependencies = (
			);
			name = Guava;
			productName = Guava;
			productReference = "Guava::Guava::Product" /* Guava.framework */;
			productType = "com.apple.product-type.framework";
		};
		"Guava::GuavaTests" /* GuavaTests */ = {
			isa = PBXNativeTarget;
			buildConfigurationList = OBJ_96 /* Build configuration list for PBXNativeTarget "GuavaTests" */;
			buildPhases = (
				OBJ_99 /* Sources */,
				OBJ_105 /* Frameworks */,
			);
			buildRules = (
			);
			dependencies = (
				OBJ_107 /* PBXTargetDependency */,
			);
			name = GuavaTests;
			productName = GuavaTests;
			productReference = "Guava::GuavaTests::Product" /* GuavaTests.xctest */;
			productType = "com.apple.product-type.bundle.unit-test";
		};
		"Guava::SwiftPMPackageDescription" /* GuavaPackageDescription */ = {
			isa = PBXNativeTarget;
			buildConfigurationList = OBJ_84 /* Build configuration list for PBXNativeTarget "GuavaPackageDescription" */;
			buildPhases = (
				OBJ_87 /* Sources */,
			);
			buildRules = (
			);
			dependencies = (
			);
			name = GuavaPackageDescription;
			productName = GuavaPackageDescription;
			productType = "com.apple.product-type.framework";
		};
/* End PBXNativeTarget section */

/* Begin PBXProject section */
		OBJ_1 /* Project object */ = {
			isa = PBXProject;
			attributes = {
				LastSwiftMigration = 9999;
				LastUpgradeCheck = 9999;
			};
			buildConfigurationList = OBJ_2 /* Build configuration list for PBXProject "Guava" */;
			compatibilityVersion = "Xcode 3.2";
			developmentRegion = en;
			hasScannedForEncodings = 0;
			knownRegions = (
				en,
			);
			mainGroup = OBJ_5;
			productRefGroup = OBJ_39 /* Products */;
			projectDirPath = "";
			projectRoot = "";
			targets = (
				"Guava::ExampleTests" /* ExampleTests */,
				"Guava::Guava" /* Guava */,
				"Guava::SwiftPMPackageDescription" /* GuavaPackageDescription */,
				"Guava::GuavaPackageTests::ProductTarget" /* GuavaPackageTests */,
				"Guava::GuavaTests" /* GuavaTests */,
			);
		};
/* End PBXProject section */

/* Begin PBXSourcesBuildPhase section */
		OBJ_53 /* Sources */ = {
			isa = PBXSourcesBuildPhase;
			buildActionMask = 0;
			files = (
				OBJ_54 /* FakeExampleTests.swift in Sources */,
				OBJ_55 /* SpyExampleTests.swift in Sources */,
				OBJ_56 /* StubExampleTests.swift in Sources */,
				OBJ_57 /* TestDoubleFactoryExample.swift in Sources */,
				OBJ_58 /* XCTestManifests.swift in Sources */,
			);
			runOnlyForDeploymentPostprocessing = 0;
		};
		OBJ_66 /* Sources */ = {
			isa = PBXSourcesBuildPhase;
			buildActionMask = 0;
			files = (
				OBJ_67 /* Argument.swift in Sources */,
				OBJ_68 /* Array+Argument.swift in Sources */,
				OBJ_69 /* Fake.swift in Sources */,
				OBJ_70 /* Invokable.swift in Sources */,
				A75C954127E9E4C60064101E /* ThrowingAsyncInvokable.swift in Sources */,
				OBJ_71 /* MethodCall.swift in Sources */,
				OBJ_72 /* RecordedMethodCall.swift in Sources */,
				OBJ_73 /* Spy.swift in Sources */,
				A7FAD0FE27E4802C00D66306 /* ThrowingTestDoubleFactory.swift in Sources */,
				OBJ_74 /* Stub.swift in Sources */,
				A7FAD10527E4AA1C00D66306 /* Closure.swift in Sources */,
				OBJ_75 /* TestDoubleFactory.swift in Sources */,
				OBJ_76 /* AssertionFailure.swift in Sources */,
				OBJ_77 /* DefaultFailureReportHandler.swift in Sources */,
				A7EBAC6627E8A80700F4B334 /* AsyncInvokable.swift in Sources */,
				OBJ_78 /* FailureReportHandler.swift in Sources */,
				OBJ_79 /* FailureReporter.swift in Sources */,
				OBJ_80 /* Result+Guava.swift in Sources */,
				OBJ_81 /* XCTAssert.swift in Sources */,
				A75C954027E9E4C60064101E /* AsyncTestDoubleFactory.swift in Sources */,
				A75C953F27E9E4C60064101E /* ThrowingAsyncTestDoubleFactory.swift in Sources */,
				A7FAD0FF27E4802C00D66306 /* ThrowingInvokable.swift in Sources */,
			);
			runOnlyForDeploymentPostprocessing = 0;
		};
		OBJ_87 /* Sources */ = {
			isa = PBXSourcesBuildPhase;
			buildActionMask = 0;
			files = (
				OBJ_88 /* Package.swift in Sources */,
			);
			runOnlyForDeploymentPostprocessing = 0;
		};
		OBJ_99 /* Sources */ = {
			isa = PBXSourcesBuildPhase;
			buildActionMask = 0;
			files = (
				OBJ_100 /* GuavaReporterTests.swift in Sources */,
				OBJ_101 /* GuavaTests.swift in Sources */,
				OBJ_102 /* TestableObjects.swift in Sources */,
				OBJ_103 /* TestableReporter.swift in Sources */,
				OBJ_104 /* XCTestManifests.swift in Sources */,
				A7FAD10327E4807B00D66306 /* NSError+.swift in Sources */,
			);
			runOnlyForDeploymentPostprocessing = 0;
		};
/* End PBXSourcesBuildPhase section */

/* Begin PBXTargetDependency section */
		OBJ_107 /* PBXTargetDependency */ = {
			isa = PBXTargetDependency;
			target = "Guava::Guava" /* Guava */;
			targetProxy = 721CE4F7265BD9AB00B478A1 /* PBXContainerItemProxy */;
		};
		OBJ_61 /* PBXTargetDependency */ = {
			isa = PBXTargetDependency;
			target = "Guava::Guava" /* Guava */;
			targetProxy = 721CE4F6265BD9AB00B478A1 /* PBXContainerItemProxy */;
		};
		OBJ_93 /* PBXTargetDependency */ = {
			isa = PBXTargetDependency;
			target = "Guava::GuavaTests" /* GuavaTests */;
			targetProxy = 72D4D78A265BDA2A007250B7 /* PBXContainerItemProxy */;
		};
		OBJ_95 /* PBXTargetDependency */ = {
			isa = PBXTargetDependency;
			target = "Guava::ExampleTests" /* ExampleTests */;
			targetProxy = 72D4D78B265BDA2A007250B7 /* PBXContainerItemProxy */;
		};
/* End PBXTargetDependency section */

/* Begin XCBuildConfiguration section */
		OBJ_3 /* Debug */ = {
			isa = XCBuildConfiguration;
			buildSettings = {
				CLANG_ENABLE_OBJC_ARC = YES;
				COMBINE_HIDPI_IMAGES = YES;
				COPY_PHASE_STRIP = NO;
				DEBUG_INFORMATION_FORMAT = dwarf;
				DYLIB_INSTALL_NAME_BASE = "@rpath";
				ENABLE_NS_ASSERTIONS = YES;
				GCC_OPTIMIZATION_LEVEL = 0;
				GCC_PREPROCESSOR_DEFINITIONS = (
					"$(inherited)",
					"SWIFT_PACKAGE=1",
					"DEBUG=1",
				);
				MACOSX_DEPLOYMENT_TARGET = 10.10;
				ONLY_ACTIVE_ARCH = YES;
				OTHER_SWIFT_FLAGS = "$(inherited) -DXcode";
				PRODUCT_NAME = "$(TARGET_NAME)";
				SDKROOT = macosx;
				SUPPORTED_PLATFORMS = "$(AVAILABLE_PLATFORMS)";
				SUPPORTS_MACCATALYST = YES;
				SWIFT_ACTIVE_COMPILATION_CONDITIONS = "$(inherited) SWIFT_PACKAGE DEBUG";
				SWIFT_OPTIMIZATION_LEVEL = "-Onone";
				USE_HEADERMAP = NO;
			};
			name = Debug;
		};
		OBJ_4 /* Release */ = {
			isa = XCBuildConfiguration;
			buildSettings = {
				CLANG_ENABLE_OBJC_ARC = YES;
				COMBINE_HIDPI_IMAGES = YES;
				COPY_PHASE_STRIP = YES;
				DEBUG_INFORMATION_FORMAT = "dwarf-with-dsym";
				DYLIB_INSTALL_NAME_BASE = "@rpath";
				GCC_OPTIMIZATION_LEVEL = s;
				GCC_PREPROCESSOR_DEFINITIONS = (
					"$(inherited)",
					"SWIFT_PACKAGE=1",
				);
				MACOSX_DEPLOYMENT_TARGET = 10.10;
				OTHER_SWIFT_FLAGS = "$(inherited) -DXcode";
				PRODUCT_NAME = "$(TARGET_NAME)";
				SDKROOT = macosx;
				SUPPORTED_PLATFORMS = "$(AVAILABLE_PLATFORMS)";
				SUPPORTS_MACCATALYST = YES;
				SWIFT_ACTIVE_COMPILATION_CONDITIONS = "$(inherited) SWIFT_PACKAGE";
				SWIFT_OPTIMIZATION_LEVEL = "-Owholemodule";
				USE_HEADERMAP = NO;
			};
			name = Release;
		};
		OBJ_51 /* Debug */ = {
			isa = XCBuildConfiguration;
			buildSettings = {
				CLANG_ENABLE_MODULES = YES;
				CURRENT_PROJECT_VERSION = 1;
				EMBEDDED_CONTENT_CONTAINS_SWIFT = YES;
				FRAMEWORK_SEARCH_PATHS = (
					"$(inherited)",
					"$(PLATFORM_DIR)/Developer/Library/Frameworks",
				);
				HEADER_SEARCH_PATHS = "$(inherited)";
				INFOPLIST_FILE = Guava.xcodeproj/ExampleTests_Info.plist;
				IPHONEOS_DEPLOYMENT_TARGET = 14.0;
				LD_RUNPATH_SEARCH_PATHS = "$(inherited) @loader_path/../Frameworks @loader_path/Frameworks";
				MACOSX_DEPLOYMENT_TARGET = 10.15;
				OTHER_CFLAGS = "$(inherited)";
				OTHER_LDFLAGS = "$(inherited)";
				OTHER_SWIFT_FLAGS = "$(inherited)";
				SWIFT_ACTIVE_COMPILATION_CONDITIONS = "$(inherited)";
				SWIFT_VERSION = 5.0;
				TARGET_NAME = ExampleTests;
				TVOS_DEPLOYMENT_TARGET = 9.0;
				WATCHOS_DEPLOYMENT_TARGET = 7.0;
			};
			name = Debug;
		};
		OBJ_52 /* Release */ = {
			isa = XCBuildConfiguration;
			buildSettings = {
				CLANG_ENABLE_MODULES = YES;
				CURRENT_PROJECT_VERSION = 1;
				EMBEDDED_CONTENT_CONTAINS_SWIFT = YES;
				FRAMEWORK_SEARCH_PATHS = (
					"$(inherited)",
					"$(PLATFORM_DIR)/Developer/Library/Frameworks",
				);
				HEADER_SEARCH_PATHS = "$(inherited)";
				INFOPLIST_FILE = Guava.xcodeproj/ExampleTests_Info.plist;
				IPHONEOS_DEPLOYMENT_TARGET = 14.0;
				LD_RUNPATH_SEARCH_PATHS = "$(inherited) @loader_path/../Frameworks @loader_path/Frameworks";
				MACOSX_DEPLOYMENT_TARGET = 10.15;
				OTHER_CFLAGS = "$(inherited)";
				OTHER_LDFLAGS = "$(inherited)";
				OTHER_SWIFT_FLAGS = "$(inherited)";
				SWIFT_ACTIVE_COMPILATION_CONDITIONS = "$(inherited)";
				SWIFT_VERSION = 5.0;
				TARGET_NAME = ExampleTests;
				TVOS_DEPLOYMENT_TARGET = 9.0;
				WATCHOS_DEPLOYMENT_TARGET = 7.0;
			};
			name = Release;
		};
		OBJ_64 /* Debug */ = {
			isa = XCBuildConfiguration;
			buildSettings = {
				CURRENT_PROJECT_VERSION = 1;
				ENABLE_BITCODE = NO;
				ENABLE_TESTABILITY = YES;
				ENABLE_TESTING_SEARCH_PATHS = YES;
				FRAMEWORK_SEARCH_PATHS = (
					"$(inherited)",
					"$(PLATFORM_DIR)/Developer/Library/Frameworks",
				);
				HEADER_SEARCH_PATHS = "$(inherited)";
				INFOPLIST_FILE = Guava.xcodeproj/Guava_Info.plist;
				IPHONEOS_DEPLOYMENT_TARGET = 12.0;
				LD_RUNPATH_SEARCH_PATHS = "$(inherited) $(TOOLCHAIN_DIR)/usr/lib/swift/macosx";
				MACOSX_DEPLOYMENT_TARGET = 10.10;
				OTHER_CFLAGS = "$(inherited)";
				OTHER_LDFLAGS = "$(inherited)";
				"OTHER_LDFLAGS[arch=*]" = (
					"$(inherited)",
					"-weak-lXCTestSwiftSupport",
					"-Xlinker",
					"-no_application_extension",
				);
				OTHER_SWIFT_FLAGS = "$(inherited) -suppress-warnings";
				PRODUCT_BUNDLE_IDENTIFIER = Guava;
				PRODUCT_MODULE_NAME = "$(TARGET_NAME:c99extidentifier)";
				PRODUCT_NAME = "$(TARGET_NAME:c99extidentifier)";
				SKIP_INSTALL = YES;
				SWIFT_ACTIVE_COMPILATION_CONDITIONS = "$(inherited)";
				SWIFT_VERSION = 5.0;
				TARGET_NAME = Guava;
				TVOS_DEPLOYMENT_TARGET = 9.0;
				WATCHOS_DEPLOYMENT_TARGET = 2.0;
			};
			name = Debug;
		};
		OBJ_65 /* Release */ = {
			isa = XCBuildConfiguration;
			buildSettings = {
				CURRENT_PROJECT_VERSION = 1;
				ENABLE_BITCODE = NO;
				ENABLE_TESTABILITY = YES;
				ENABLE_TESTING_SEARCH_PATHS = YES;
				FRAMEWORK_SEARCH_PATHS = (
					"$(inherited)",
					"$(PLATFORM_DIR)/Developer/Library/Frameworks",
				);
				HEADER_SEARCH_PATHS = "$(inherited)";
				INFOPLIST_FILE = Guava.xcodeproj/Guava_Info.plist;
				IPHONEOS_DEPLOYMENT_TARGET = 12.0;
				LD_RUNPATH_SEARCH_PATHS = "$(inherited) $(TOOLCHAIN_DIR)/usr/lib/swift/macosx";
				MACOSX_DEPLOYMENT_TARGET = 10.10;
				OTHER_CFLAGS = "$(inherited)";
				OTHER_LDFLAGS = "$(inherited)";
				"OTHER_LDFLAGS[arch=*]" = (
					"$(inherited)",
					"-weak-lXCTestSwiftSupport",
					"-Xlinker",
					"-no_application_extension",
				);
				OTHER_SWIFT_FLAGS = "$(inherited) -suppress-warnings";
				PRODUCT_BUNDLE_IDENTIFIER = Guava;
				PRODUCT_MODULE_NAME = "$(TARGET_NAME:c99extidentifier)";
				PRODUCT_NAME = "$(TARGET_NAME:c99extidentifier)";
				SKIP_INSTALL = YES;
				SWIFT_ACTIVE_COMPILATION_CONDITIONS = "$(inherited)";
				SWIFT_VERSION = 5.0;
				TARGET_NAME = Guava;
				TVOS_DEPLOYMENT_TARGET = 9.0;
				WATCHOS_DEPLOYMENT_TARGET = 2.0;
			};
			name = Release;
		};
		OBJ_85 /* Debug */ = {
			isa = XCBuildConfiguration;
			buildSettings = {
				LD = /usr/bin/true;
				OTHER_SWIFT_FLAGS = "-swift-version 5 -I $(TOOLCHAIN_DIR)/usr/lib/swift/pm/4_2 -sdk /Applications/Xcode.app/Contents/Developer/Platforms/MacOSX.platform/Developer/SDKs/MacOSX11.3.sdk -package-description-version 5.0.0";
				SWIFT_VERSION = 5.0;
			};
			name = Debug;
		};
		OBJ_86 /* Release */ = {
			isa = XCBuildConfiguration;
			buildSettings = {
				LD = /usr/bin/true;
				OTHER_SWIFT_FLAGS = "-swift-version 5 -I $(TOOLCHAIN_DIR)/usr/lib/swift/pm/4_2 -sdk /Applications/Xcode.app/Contents/Developer/Platforms/MacOSX.platform/Developer/SDKs/MacOSX11.3.sdk -package-description-version 5.0.0";
				SWIFT_VERSION = 5.0;
			};
			name = Release;
		};
		OBJ_91 /* Debug */ = {
			isa = XCBuildConfiguration;
			buildSettings = {
			};
			name = Debug;
		};
		OBJ_92 /* Release */ = {
			isa = XCBuildConfiguration;
			buildSettings = {
			};
			name = Release;
		};
		OBJ_97 /* Debug */ = {
			isa = XCBuildConfiguration;
			buildSettings = {
				CLANG_ENABLE_MODULES = YES;
				CURRENT_PROJECT_VERSION = 1;
				EMBEDDED_CONTENT_CONTAINS_SWIFT = YES;
				FRAMEWORK_SEARCH_PATHS = (
					"$(inherited)",
					"$(PLATFORM_DIR)/Developer/Library/Frameworks",
				);
				HEADER_SEARCH_PATHS = "$(inherited)";
				INFOPLIST_FILE = Guava.xcodeproj/GuavaTests_Info.plist;
				IPHONEOS_DEPLOYMENT_TARGET = 14.0;
				LD_RUNPATH_SEARCH_PATHS = "$(inherited) @loader_path/../Frameworks @loader_path/Frameworks";
				MACOSX_DEPLOYMENT_TARGET = 10.15;
				OTHER_CFLAGS = "$(inherited)";
				OTHER_LDFLAGS = "$(inherited)";
				OTHER_SWIFT_FLAGS = "$(inherited)";
				SWIFT_ACTIVE_COMPILATION_CONDITIONS = "$(inherited)";
				SWIFT_VERSION = 5.0;
				TARGET_NAME = GuavaTests;
				TVOS_DEPLOYMENT_TARGET = 9.0;
				WATCHOS_DEPLOYMENT_TARGET = 7.0;
			};
			name = Debug;
		};
		OBJ_98 /* Release */ = {
			isa = XCBuildConfiguration;
			buildSettings = {
				CLANG_ENABLE_MODULES = YES;
				CURRENT_PROJECT_VERSION = 1;
				EMBEDDED_CONTENT_CONTAINS_SWIFT = YES;
				FRAMEWORK_SEARCH_PATHS = (
					"$(inherited)",
					"$(PLATFORM_DIR)/Developer/Library/Frameworks",
				);
				HEADER_SEARCH_PATHS = "$(inherited)";
				INFOPLIST_FILE = Guava.xcodeproj/GuavaTests_Info.plist;
				IPHONEOS_DEPLOYMENT_TARGET = 14.0;
				LD_RUNPATH_SEARCH_PATHS = "$(inherited) @loader_path/../Frameworks @loader_path/Frameworks";
				MACOSX_DEPLOYMENT_TARGET = 10.15;
				OTHER_CFLAGS = "$(inherited)";
				OTHER_LDFLAGS = "$(inherited)";
				OTHER_SWIFT_FLAGS = "$(inherited)";
				SWIFT_ACTIVE_COMPILATION_CONDITIONS = "$(inherited)";
				SWIFT_VERSION = 5.0;
				TARGET_NAME = GuavaTests;
				TVOS_DEPLOYMENT_TARGET = 9.0;
				WATCHOS_DEPLOYMENT_TARGET = 7.0;
			};
			name = Release;
		};
/* End XCBuildConfiguration section */

/* Begin XCConfigurationList section */
		OBJ_2 /* Build configuration list for PBXProject "Guava" */ = {
			isa = XCConfigurationList;
			buildConfigurations = (
				OBJ_3 /* Debug */,
				OBJ_4 /* Release */,
			);
			defaultConfigurationIsVisible = 0;
			defaultConfigurationName = Release;
		};
		OBJ_50 /* Build configuration list for PBXNativeTarget "ExampleTests" */ = {
			isa = XCConfigurationList;
			buildConfigurations = (
				OBJ_51 /* Debug */,
				OBJ_52 /* Release */,
			);
			defaultConfigurationIsVisible = 0;
			defaultConfigurationName = Release;
		};
		OBJ_63 /* Build configuration list for PBXNativeTarget "Guava" */ = {
			isa = XCConfigurationList;
			buildConfigurations = (
				OBJ_64 /* Debug */,
				OBJ_65 /* Release */,
			);
			defaultConfigurationIsVisible = 0;
			defaultConfigurationName = Release;
		};
		OBJ_84 /* Build configuration list for PBXNativeTarget "GuavaPackageDescription" */ = {
			isa = XCConfigurationList;
			buildConfigurations = (
				OBJ_85 /* Debug */,
				OBJ_86 /* Release */,
			);
			defaultConfigurationIsVisible = 0;
			defaultConfigurationName = Release;
		};
		OBJ_90 /* Build configuration list for PBXAggregateTarget "GuavaPackageTests" */ = {
			isa = XCConfigurationList;
			buildConfigurations = (
				OBJ_91 /* Debug */,
				OBJ_92 /* Release */,
			);
			defaultConfigurationIsVisible = 0;
			defaultConfigurationName = Release;
		};
		OBJ_96 /* Build configuration list for PBXNativeTarget "GuavaTests" */ = {
			isa = XCConfigurationList;
			buildConfigurations = (
				OBJ_97 /* Debug */,
				OBJ_98 /* Release */,
			);
			defaultConfigurationIsVisible = 0;
			defaultConfigurationName = Release;
		};
/* End XCConfigurationList section */
	};
	rootObject = OBJ_1 /* Project object */;
}
