// !$*UTF8*$!
{
	archiveVersion = 1;
	classes = {
	};
	objectVersion = 46;
	objects = {

/* Begin PBXAggregateTarget section */
		"Guava::GuavaPackageTests::ProductTarget" /* GuavaPackageTests */ = {
			isa = PBXAggregateTarget;
			buildConfigurationList = OBJ_68 /* Build configuration list for PBXAggregateTarget "GuavaPackageTests" */;
			buildPhases = (
			);
			dependencies = (
				OBJ_71 /* PBXTargetDependency */,
			);
			name = GuavaPackageTests;
			productName = GuavaPackageTests;
		};
/* End PBXAggregateTarget section */

/* Begin PBXBuildFile section */
		OBJ_45 /* Argument.swift in Sources */ = {isa = PBXBuildFile; fileRef = OBJ_9 /* Argument.swift */; };
		OBJ_46 /* Array+Argument.swift in Sources */ = {isa = PBXBuildFile; fileRef = OBJ_10 /* Array+Argument.swift */; };
		OBJ_47 /* Fake.swift in Sources */ = {isa = PBXBuildFile; fileRef = OBJ_11 /* Fake.swift */; };
		OBJ_48 /* Invokable.swift in Sources */ = {isa = PBXBuildFile; fileRef = OBJ_12 /* Invokable.swift */; };
		OBJ_49 /* MethodCall.swift in Sources */ = {isa = PBXBuildFile; fileRef = OBJ_13 /* MethodCall.swift */; };
		OBJ_50 /* RecordedMethodCall.swift in Sources */ = {isa = PBXBuildFile; fileRef = OBJ_14 /* RecordedMethodCall.swift */; };
		OBJ_51 /* Spy.swift in Sources */ = {isa = PBXBuildFile; fileRef = OBJ_15 /* Spy.swift */; };
		OBJ_52 /* Stub.swift in Sources */ = {isa = PBXBuildFile; fileRef = OBJ_16 /* Stub.swift */; };
		OBJ_53 /* TestDoubleFactory.swift in Sources */ = {isa = PBXBuildFile; fileRef = OBJ_17 /* TestDoubleFactory.swift */; };
		OBJ_54 /* AssertionFailure.swift in Sources */ = {isa = PBXBuildFile; fileRef = OBJ_19 /* AssertionFailure.swift */; };
		OBJ_55 /* DefaultFailureReportHandler.swift in Sources */ = {isa = PBXBuildFile; fileRef = OBJ_20 /* DefaultFailureReportHandler.swift */; };
		OBJ_56 /* FailureReportHandler.swift in Sources */ = {isa = PBXBuildFile; fileRef = OBJ_21 /* FailureReportHandler.swift */; };
		OBJ_57 /* FailureReporter.swift in Sources */ = {isa = PBXBuildFile; fileRef = OBJ_22 /* FailureReporter.swift */; };
		OBJ_58 /* Result+Guava.swift in Sources */ = {isa = PBXBuildFile; fileRef = OBJ_24 /* Result+Guava.swift */; };
		OBJ_59 /* XCTAssert.swift in Sources */ = {isa = PBXBuildFile; fileRef = OBJ_25 /* XCTAssert.swift */; };
		OBJ_66 /* Package.swift in Sources */ = {isa = PBXBuildFile; fileRef = OBJ_6 /* Package.swift */; };
		OBJ_77 /* GuavaReporterTests.swift in Sources */ = {isa = PBXBuildFile; fileRef = OBJ_28 /* GuavaReporterTests.swift */; };
		OBJ_78 /* GuavaTests.swift in Sources */ = {isa = PBXBuildFile; fileRef = OBJ_29 /* GuavaTests.swift */; };
		OBJ_79 /* TestableObjects.swift in Sources */ = {isa = PBXBuildFile; fileRef = OBJ_30 /* TestableObjects.swift */; };
		OBJ_80 /* TestableReporter.swift in Sources */ = {isa = PBXBuildFile; fileRef = OBJ_31 /* TestableReporter.swift */; };
		OBJ_81 /* XCTestManifests.swift in Sources */ = {isa = PBXBuildFile; fileRef = OBJ_32 /* XCTestManifests.swift */; };
		OBJ_83 /* Guava.framework in Frameworks */ = {isa = PBXBuildFile; fileRef = "Guava::Guava::Product" /* Guava.framework */; };
/* End PBXBuildFile section */

/* Begin PBXContainerItemProxy section */
		11C31053247D8A8D0055A07B /* PBXContainerItemProxy */ = {
			isa = PBXContainerItemProxy;
			containerPortal = OBJ_1 /* Project object */;
			proxyType = 1;
			remoteGlobalIDString = "Guava::Guava";
			remoteInfo = Guava;
		};
		11C31054247D8A8E0055A07B /* PBXContainerItemProxy */ = {
			isa = PBXContainerItemProxy;
			containerPortal = OBJ_1 /* Project object */;
			proxyType = 1;
			remoteGlobalIDString = "Guava::GuavaTests";
			remoteInfo = GuavaTests;
		};
/* End PBXContainerItemProxy section */

/* Begin PBXFileReference section */
		"Guava::Guava::Product" /* Guava.framework */ = {isa = PBXFileReference; lastKnownFileType = wrapper.framework; path = Guava.framework; sourceTree = BUILT_PRODUCTS_DIR; };
		"Guava::GuavaTests::Product" /* GuavaTests.xctest */ = {isa = PBXFileReference; lastKnownFileType = file; path = GuavaTests.xctest; sourceTree = BUILT_PRODUCTS_DIR; };
		OBJ_10 /* Array+Argument.swift */ = {isa = PBXFileReference; lastKnownFileType = sourcecode.swift; path = "Array+Argument.swift"; sourceTree = "<group>"; };
		OBJ_11 /* Fake.swift */ = {isa = PBXFileReference; lastKnownFileType = sourcecode.swift; path = Fake.swift; sourceTree = "<group>"; };
		OBJ_12 /* Invokable.swift */ = {isa = PBXFileReference; lastKnownFileType = sourcecode.swift; path = Invokable.swift; sourceTree = "<group>"; };
		OBJ_13 /* MethodCall.swift */ = {isa = PBXFileReference; lastKnownFileType = sourcecode.swift; path = MethodCall.swift; sourceTree = "<group>"; };
		OBJ_14 /* RecordedMethodCall.swift */ = {isa = PBXFileReference; lastKnownFileType = sourcecode.swift; path = RecordedMethodCall.swift; sourceTree = "<group>"; };
		OBJ_15 /* Spy.swift */ = {isa = PBXFileReference; lastKnownFileType = sourcecode.swift; path = Spy.swift; sourceTree = "<group>"; };
		OBJ_16 /* Stub.swift */ = {isa = PBXFileReference; lastKnownFileType = sourcecode.swift; path = Stub.swift; sourceTree = "<group>"; };
		OBJ_17 /* TestDoubleFactory.swift */ = {isa = PBXFileReference; lastKnownFileType = sourcecode.swift; path = TestDoubleFactory.swift; sourceTree = "<group>"; };
		OBJ_19 /* AssertionFailure.swift */ = {isa = PBXFileReference; lastKnownFileType = sourcecode.swift; path = AssertionFailure.swift; sourceTree = "<group>"; };
		OBJ_20 /* DefaultFailureReportHandler.swift */ = {isa = PBXFileReference; lastKnownFileType = sourcecode.swift; path = DefaultFailureReportHandler.swift; sourceTree = "<group>"; };
		OBJ_21 /* FailureReportHandler.swift */ = {isa = PBXFileReference; lastKnownFileType = sourcecode.swift; path = FailureReportHandler.swift; sourceTree = "<group>"; };
		OBJ_22 /* FailureReporter.swift */ = {isa = PBXFileReference; lastKnownFileType = sourcecode.swift; path = FailureReporter.swift; sourceTree = "<group>"; };
		OBJ_24 /* Result+Guava.swift */ = {isa = PBXFileReference; lastKnownFileType = sourcecode.swift; path = "Result+Guava.swift"; sourceTree = "<group>"; };
		OBJ_25 /* XCTAssert.swift */ = {isa = PBXFileReference; lastKnownFileType = sourcecode.swift; path = XCTAssert.swift; sourceTree = "<group>"; };
		OBJ_28 /* GuavaReporterTests.swift */ = {isa = PBXFileReference; lastKnownFileType = sourcecode.swift; path = GuavaReporterTests.swift; sourceTree = "<group>"; };
		OBJ_29 /* GuavaTests.swift */ = {isa = PBXFileReference; lastKnownFileType = sourcecode.swift; path = GuavaTests.swift; sourceTree = "<group>"; };
		OBJ_30 /* TestableObjects.swift */ = {isa = PBXFileReference; lastKnownFileType = sourcecode.swift; path = TestableObjects.swift; sourceTree = "<group>"; };
		OBJ_31 /* TestableReporter.swift */ = {isa = PBXFileReference; lastKnownFileType = sourcecode.swift; path = TestableReporter.swift; sourceTree = "<group>"; };
		OBJ_32 /* XCTestManifests.swift */ = {isa = PBXFileReference; lastKnownFileType = sourcecode.swift; path = XCTestManifests.swift; sourceTree = "<group>"; };
		OBJ_36 /* script */ = {isa = PBXFileReference; lastKnownFileType = folder; path = script; sourceTree = SOURCE_ROOT; };
		OBJ_37 /* LICENSE */ = {isa = PBXFileReference; lastKnownFileType = text; path = LICENSE; sourceTree = "<group>"; };
		OBJ_38 /* Makefile */ = {isa = PBXFileReference; lastKnownFileType = sourcecode.make; path = Makefile; sourceTree = "<group>"; };
		OBJ_39 /* README.md */ = {isa = PBXFileReference; lastKnownFileType = net.daringfireball.markdown; path = README.md; sourceTree = "<group>"; };
		OBJ_6 /* Package.swift */ = {isa = PBXFileReference; explicitFileType = sourcecode.swift; path = Package.swift; sourceTree = "<group>"; };
		OBJ_9 /* Argument.swift */ = {isa = PBXFileReference; lastKnownFileType = sourcecode.swift; path = Argument.swift; sourceTree = "<group>"; };
/* End PBXFileReference section */

/* Begin PBXFrameworksBuildPhase section */
		OBJ_60 /* Frameworks */ = {
			isa = PBXFrameworksBuildPhase;
			buildActionMask = 0;
			files = (
			);
			runOnlyForDeploymentPostprocessing = 0;
		};
		OBJ_82 /* Frameworks */ = {
			isa = PBXFrameworksBuildPhase;
			buildActionMask = 0;
			files = (
				OBJ_83 /* Guava.framework in Frameworks */,
			);
			runOnlyForDeploymentPostprocessing = 0;
		};
/* End PBXFrameworksBuildPhase section */

/* Begin PBXGroup section */
		OBJ_18 /* FailureReporter */ = {
			isa = PBXGroup;
			children = (
				OBJ_19 /* AssertionFailure.swift */,
				OBJ_20 /* DefaultFailureReportHandler.swift */,
				OBJ_21 /* FailureReportHandler.swift */,
				OBJ_22 /* FailureReporter.swift */,
			);
			path = FailureReporter;
			sourceTree = "<group>";
		};
		OBJ_23 /* XCTAssert */ = {
			isa = PBXGroup;
			children = (
				OBJ_24 /* Result+Guava.swift */,
				OBJ_25 /* XCTAssert.swift */,
			);
			path = XCTAssert;
			sourceTree = "<group>";
		};
		OBJ_26 /* Tests */ = {
			isa = PBXGroup;
			children = (
				OBJ_27 /* GuavaTests */,
			);
			name = Tests;
			sourceTree = SOURCE_ROOT;
		};
		OBJ_27 /* GuavaTests */ = {
			isa = PBXGroup;
			children = (
				OBJ_28 /* GuavaReporterTests.swift */,
				OBJ_29 /* GuavaTests.swift */,
				OBJ_30 /* TestableObjects.swift */,
				OBJ_31 /* TestableReporter.swift */,
				OBJ_32 /* XCTestManifests.swift */,
			);
			name = GuavaTests;
			path = Tests/GuavaTests;
			sourceTree = SOURCE_ROOT;
		};
		OBJ_33 /* Products */ = {
			isa = PBXGroup;
			children = (
				"Guava::Guava::Product" /* Guava.framework */,
				"Guava::GuavaTests::Product" /* GuavaTests.xctest */,
			);
			name = Products;
			sourceTree = BUILT_PRODUCTS_DIR;
		};
		OBJ_5 /*  */ = {
			isa = PBXGroup;
			children = (
				OBJ_6 /* Package.swift */,
				OBJ_7 /* Sources */,
				OBJ_26 /* Tests */,
				OBJ_33 /* Products */,
				OBJ_36 /* script */,
				OBJ_37 /* LICENSE */,
				OBJ_38 /* Makefile */,
				OBJ_39 /* README.md */,
			);
			name = "";
			sourceTree = "<group>";
		};
		OBJ_7 /* Sources */ = {
			isa = PBXGroup;
			children = (
				OBJ_8 /* Entities */,
				OBJ_18 /* FailureReporter */,
				OBJ_23 /* XCTAssert */,
			);
			path = Sources;
			sourceTree = SOURCE_ROOT;
		};
		OBJ_8 /* Entities */ = {
			isa = PBXGroup;
			children = (
				OBJ_9 /* Argument.swift */,
				OBJ_10 /* Array+Argument.swift */,
				OBJ_11 /* Fake.swift */,
				OBJ_12 /* Invokable.swift */,
				OBJ_13 /* MethodCall.swift */,
				OBJ_14 /* RecordedMethodCall.swift */,
				OBJ_15 /* Spy.swift */,
				OBJ_16 /* Stub.swift */,
				OBJ_17 /* TestDoubleFactory.swift */,
			);
			path = Entities;
			sourceTree = "<group>";
		};
/* End PBXGroup section */

/* Begin PBXNativeTarget section */
		"Guava::Guava" /* Guava */ = {
			isa = PBXNativeTarget;
			buildConfigurationList = OBJ_41 /* Build configuration list for PBXNativeTarget "Guava" */;
			buildPhases = (
				OBJ_44 /* Sources */,
				OBJ_60 /* Frameworks */,
			);
			buildRules = (
			);
			dependencies = (
			);
			name = Guava;
			productName = Guava;
			productReference = "Guava::Guava::Product" /* Guava.framework */;
			productType = "com.apple.product-type.framework";
		};
		"Guava::GuavaTests" /* GuavaTests */ = {
			isa = PBXNativeTarget;
			buildConfigurationList = OBJ_73 /* Build configuration list for PBXNativeTarget "GuavaTests" */;
			buildPhases = (
				OBJ_76 /* Sources */,
				OBJ_82 /* Frameworks */,
			);
			buildRules = (
			);
			dependencies = (
				OBJ_84 /* PBXTargetDependency */,
			);
			name = GuavaTests;
			productName = GuavaTests;
			productReference = "Guava::GuavaTests::Product" /* GuavaTests.xctest */;
			productType = "com.apple.product-type.bundle.unit-test";
		};
		"Guava::SwiftPMPackageDescription" /* GuavaPackageDescription */ = {
			isa = PBXNativeTarget;
			buildConfigurationList = OBJ_62 /* Build configuration list for PBXNativeTarget "GuavaPackageDescription" */;
			buildPhases = (
				OBJ_65 /* Sources */,
			);
			buildRules = (
			);
			dependencies = (
			);
			name = GuavaPackageDescription;
			productName = GuavaPackageDescription;
			productType = "com.apple.product-type.framework";
		};
/* End PBXNativeTarget section */

/* Begin PBXProject section */
		OBJ_1 /* Project object */ = {
			isa = PBXProject;
			attributes = {
				LastSwiftMigration = 9999;
				LastUpgradeCheck = 9999;
			};
			buildConfigurationList = OBJ_2 /* Build configuration list for PBXProject "Guava" */;
			compatibilityVersion = "Xcode 3.2";
			developmentRegion = en;
			hasScannedForEncodings = 0;
			knownRegions = (
				en,
			);
			mainGroup = OBJ_5 /*  */;
			productRefGroup = OBJ_33 /* Products */;
			projectDirPath = "";
			projectRoot = "";
			targets = (
				"Guava::Guava" /* Guava */,
				"Guava::SwiftPMPackageDescription" /* GuavaPackageDescription */,
				"Guava::GuavaPackageTests::ProductTarget" /* GuavaPackageTests */,
				"Guava::GuavaTests" /* GuavaTests */,
			);
		};
/* End PBXProject section */

/* Begin PBXSourcesBuildPhase section */
		OBJ_44 /* Sources */ = {
			isa = PBXSourcesBuildPhase;
			buildActionMask = 0;
			files = (
				OBJ_45 /* Argument.swift in Sources */,
				OBJ_46 /* Array+Argument.swift in Sources */,
				OBJ_47 /* Fake.swift in Sources */,
				OBJ_48 /* Invokable.swift in Sources */,
				OBJ_49 /* MethodCall.swift in Sources */,
				OBJ_50 /* RecordedMethodCall.swift in Sources */,
				OBJ_51 /* Spy.swift in Sources */,
				OBJ_52 /* Stub.swift in Sources */,
				OBJ_53 /* TestDoubleFactory.swift in Sources */,
				OBJ_54 /* AssertionFailure.swift in Sources */,
				OBJ_55 /* DefaultFailureReportHandler.swift in Sources */,
				OBJ_56 /* FailureReportHandler.swift in Sources */,
				OBJ_57 /* FailureReporter.swift in Sources */,
				OBJ_58 /* Result+Guava.swift in Sources */,
				OBJ_59 /* XCTAssert.swift in Sources */,
			);
			runOnlyForDeploymentPostprocessing = 0;
		};
		OBJ_65 /* Sources */ = {
			isa = PBXSourcesBuildPhase;
			buildActionMask = 0;
			files = (
				OBJ_66 /* Package.swift in Sources */,
			);
			runOnlyForDeploymentPostprocessing = 0;
		};
		OBJ_76 /* Sources */ = {
			isa = PBXSourcesBuildPhase;
			buildActionMask = 0;
			files = (
				OBJ_77 /* GuavaReporterTests.swift in Sources */,
				OBJ_78 /* GuavaTests.swift in Sources */,
				OBJ_79 /* TestableObjects.swift in Sources */,
				OBJ_80 /* TestableReporter.swift in Sources */,
				OBJ_81 /* XCTestManifests.swift in Sources */,
			);
			runOnlyForDeploymentPostprocessing = 0;
		};
/* End PBXSourcesBuildPhase section */

/* Begin PBXTargetDependency section */
		OBJ_71 /* PBXTargetDependency */ = {
			isa = PBXTargetDependency;
			target = "Guava::GuavaTests" /* GuavaTests */;
			targetProxy = 11C31054247D8A8E0055A07B /* PBXContainerItemProxy */;
		};
		OBJ_84 /* PBXTargetDependency */ = {
			isa = PBXTargetDependency;
			target = "Guava::Guava" /* Guava */;
			targetProxy = 11C31053247D8A8D0055A07B /* PBXContainerItemProxy */;
		};
/* End PBXTargetDependency section */

/* Begin XCBuildConfiguration section */
		OBJ_3 /* Debug */ = {
			isa = XCBuildConfiguration;
			buildSettings = {
				CLANG_ENABLE_OBJC_ARC = YES;
				COMBINE_HIDPI_IMAGES = YES;
				COPY_PHASE_STRIP = NO;
				DEBUG_INFORMATION_FORMAT = dwarf;
				DYLIB_INSTALL_NAME_BASE = "@rpath";
				ENABLE_NS_ASSERTIONS = YES;
				GCC_OPTIMIZATION_LEVEL = 0;
				GCC_PREPROCESSOR_DEFINITIONS = (
					"$(inherited)",
					"SWIFT_PACKAGE=1",
					"DEBUG=1",
				);
				MACOSX_DEPLOYMENT_TARGET = 10.10;
				ONLY_ACTIVE_ARCH = YES;
				OTHER_SWIFT_FLAGS = "$(inherited) -DXcode";
				PRODUCT_NAME = "$(TARGET_NAME)";
				SDKROOT = macosx;
				SUPPORTED_PLATFORMS = "macosx iphoneos iphonesimulator";
				SWIFT_ACTIVE_COMPILATION_CONDITIONS = "$(inherited) SWIFT_PACKAGE DEBUG";
				SWIFT_OPTIMIZATION_LEVEL = "-Onone";
				USE_HEADERMAP = NO;
			};
			name = Debug;
		};
		OBJ_4 /* Release */ = {
			isa = XCBuildConfiguration;
			buildSettings = {
				CLANG_ENABLE_OBJC_ARC = YES;
				COMBINE_HIDPI_IMAGES = YES;
				COPY_PHASE_STRIP = YES;
				DEBUG_INFORMATION_FORMAT = "dwarf-with-dsym";
				DYLIB_INSTALL_NAME_BASE = "@rpath";
				GCC_OPTIMIZATION_LEVEL = s;
				GCC_PREPROCESSOR_DEFINITIONS = (
					"$(inherited)",
					"SWIFT_PACKAGE=1",
				);
				MACOSX_DEPLOYMENT_TARGET = 10.10;
				OTHER_SWIFT_FLAGS = "$(inherited) -DXcode";
				PRODUCT_NAME = "$(TARGET_NAME)";
				SDKROOT = macosx;
				SUPPORTED_PLATFORMS = "macosx iphoneos iphonesimulator";
				SWIFT_ACTIVE_COMPILATION_CONDITIONS = "$(inherited) SWIFT_PACKAGE";
				SWIFT_OPTIMIZATION_LEVEL = "-Owholemodule";
				USE_HEADERMAP = NO;
			};
			name = Release;
		};
		OBJ_42 /* Debug */ = {
			isa = XCBuildConfiguration;
			buildSettings = {
				ENABLE_TESTABILITY = YES;
				FRAMEWORK_SEARCH_PATHS = (
					"$(inherited)",
					"$(PLATFORM_DIR)/Developer/Library/Frameworks",
				);
				HEADER_SEARCH_PATHS = "$(inherited)";
				INFOPLIST_FILE = Guava.xcodeproj/Guava_Info.plist;
				IPHONEOS_DEPLOYMENT_TARGET = 12.0;
				LD_RUNPATH_SEARCH_PATHS = "$(inherited) $(TOOLCHAIN_DIR)/usr/lib/swift/macosx";
				MACOSX_DEPLOYMENT_TARGET = 10.10;
				OTHER_CFLAGS = "$(inherited)";
				OTHER_LDFLAGS = "$(inherited)";
				OTHER_SWIFT_FLAGS = "$(inherited)";
				PRODUCT_BUNDLE_IDENTIFIER = Guava;
				PRODUCT_MODULE_NAME = "$(TARGET_NAME:c99extidentifier)";
				PRODUCT_NAME = "$(TARGET_NAME:c99extidentifier)";
				SKIP_INSTALL = YES;
				SWIFT_ACTIVE_COMPILATION_CONDITIONS = "$(inherited)";
				SWIFT_VERSION = 5.0;
				TARGET_NAME = Guava;
				TVOS_DEPLOYMENT_TARGET = 9.0;
				WATCHOS_DEPLOYMENT_TARGET = 2.0;
			};
			name = Debug;
		};
		OBJ_43 /* Release */ = {
			isa = XCBuildConfiguration;
			buildSettings = {
				ENABLE_TESTABILITY = YES;
				FRAMEWORK_SEARCH_PATHS = (
					"$(inherited)",
					"$(PLATFORM_DIR)/Developer/Library/Frameworks",
				);
				HEADER_SEARCH_PATHS = "$(inherited)";
				INFOPLIST_FILE = Guava.xcodeproj/Guava_Info.plist;
				IPHONEOS_DEPLOYMENT_TARGET = 12.0;
				LD_RUNPATH_SEARCH_PATHS = "$(inherited) $(TOOLCHAIN_DIR)/usr/lib/swift/macosx";
				MACOSX_DEPLOYMENT_TARGET = 10.10;
				OTHER_CFLAGS = "$(inherited)";
				OTHER_LDFLAGS = "$(inherited)";
				OTHER_SWIFT_FLAGS = "$(inherited)";
				PRODUCT_BUNDLE_IDENTIFIER = Guava;
				PRODUCT_MODULE_NAME = "$(TARGET_NAME:c99extidentifier)";
				PRODUCT_NAME = "$(TARGET_NAME:c99extidentifier)";
				SKIP_INSTALL = YES;
				SWIFT_ACTIVE_COMPILATION_CONDITIONS = "$(inherited)";
				SWIFT_VERSION = 5.0;
				TARGET_NAME = Guava;
				TVOS_DEPLOYMENT_TARGET = 9.0;
				WATCHOS_DEPLOYMENT_TARGET = 2.0;
			};
			name = Release;
		};
		OBJ_63 /* Debug */ = {
			isa = XCBuildConfiguration;
			buildSettings = {
				LD = /usr/bin/true;
				OTHER_SWIFT_FLAGS = "-swift-version 5 -I $(TOOLCHAIN_DIR)/usr/lib/swift/pm/4_2 -target x86_64-apple-macosx10.10 -sdk /Applications/Xcode.app/Contents/Developer/Platforms/MacOSX.platform/Developer/SDKs/MacOSX10.15.sdk -package-description-version 5.0.0";
				SWIFT_VERSION = 5.0;
			};
			name = Debug;
		};
		OBJ_64 /* Release */ = {
			isa = XCBuildConfiguration;
			buildSettings = {
				LD = /usr/bin/true;
				OTHER_SWIFT_FLAGS = "-swift-version 5 -I $(TOOLCHAIN_DIR)/usr/lib/swift/pm/4_2 -target x86_64-apple-macosx10.10 -sdk /Applications/Xcode.app/Contents/Developer/Platforms/MacOSX.platform/Developer/SDKs/MacOSX10.15.sdk -package-description-version 5.0.0";
				SWIFT_VERSION = 5.0;
			};
			name = Release;
		};
		OBJ_69 /* Debug */ = {
			isa = XCBuildConfiguration;
			buildSettings = {
			};
			name = Debug;
		};
		OBJ_70 /* Release */ = {
			isa = XCBuildConfiguration;
			buildSettings = {
			};
			name = Release;
		};
		OBJ_74 /* Debug */ = {
			isa = XCBuildConfiguration;
			buildSettings = {
				CLANG_ENABLE_MODULES = YES;
				EMBEDDED_CONTENT_CONTAINS_SWIFT = YES;
				FRAMEWORK_SEARCH_PATHS = (
					"$(inherited)",
					"$(PLATFORM_DIR)/Developer/Library/Frameworks",
				);
				HEADER_SEARCH_PATHS = "$(inherited)";
				INFOPLIST_FILE = Guava.xcodeproj/GuavaTests_Info.plist;
				IPHONEOS_DEPLOYMENT_TARGET = 12.0;
				LD_RUNPATH_SEARCH_PATHS = "$(inherited) @loader_path/../Frameworks @loader_path/Frameworks";
				MACOSX_DEPLOYMENT_TARGET = 10.10;
				OTHER_CFLAGS = "$(inherited)";
				OTHER_LDFLAGS = "$(inherited)";
				OTHER_SWIFT_FLAGS = "$(inherited)";
				SWIFT_ACTIVE_COMPILATION_CONDITIONS = "$(inherited)";
				SWIFT_VERSION = 5.0;
				TARGET_NAME = GuavaTests;
				TVOS_DEPLOYMENT_TARGET = 9.0;
				WATCHOS_DEPLOYMENT_TARGET = 2.0;
			};
			name = Debug;
		};
		OBJ_75 /* Release */ = {
			isa = XCBuildConfiguration;
			buildSettings = {
				CLANG_ENABLE_MODULES = YES;
				EMBEDDED_CONTENT_CONTAINS_SWIFT = YES;
				FRAMEWORK_SEARCH_PATHS = (
					"$(inherited)",
					"$(PLATFORM_DIR)/Developer/Library/Frameworks",
				);
				HEADER_SEARCH_PATHS = "$(inherited)";
				INFOPLIST_FILE = Guava.xcodeproj/GuavaTests_Info.plist;
				IPHONEOS_DEPLOYMENT_TARGET = 12.0;
				LD_RUNPATH_SEARCH_PATHS = "$(inherited) @loader_path/../Frameworks @loader_path/Frameworks";
				MACOSX_DEPLOYMENT_TARGET = 10.10;
				OTHER_CFLAGS = "$(inherited)";
				OTHER_LDFLAGS = "$(inherited)";
				OTHER_SWIFT_FLAGS = "$(inherited)";
				SWIFT_ACTIVE_COMPILATION_CONDITIONS = "$(inherited)";
				SWIFT_VERSION = 5.0;
				TARGET_NAME = GuavaTests;
				TVOS_DEPLOYMENT_TARGET = 9.0;
				WATCHOS_DEPLOYMENT_TARGET = 2.0;
			};
			name = Release;
		};
/* End XCBuildConfiguration section */

/* Begin XCConfigurationList section */
		OBJ_2 /* Build configuration list for PBXProject "Guava" */ = {
			isa = XCConfigurationList;
			buildConfigurations = (
				OBJ_3 /* Debug */,
				OBJ_4 /* Release */,
			);
			defaultConfigurationIsVisible = 0;
			defaultConfigurationName = Release;
		};
		OBJ_41 /* Build configuration list for PBXNativeTarget "Guava" */ = {
			isa = XCConfigurationList;
			buildConfigurations = (
				OBJ_42 /* Debug */,
				OBJ_43 /* Release */,
			);
			defaultConfigurationIsVisible = 0;
			defaultConfigurationName = Release;
		};
		OBJ_62 /* Build configuration list for PBXNativeTarget "GuavaPackageDescription" */ = {
			isa = XCConfigurationList;
			buildConfigurations = (
				OBJ_63 /* Debug */,
				OBJ_64 /* Release */,
			);
			defaultConfigurationIsVisible = 0;
			defaultConfigurationName = Release;
		};
		OBJ_68 /* Build configuration list for PBXAggregateTarget "GuavaPackageTests" */ = {
			isa = XCConfigurationList;
			buildConfigurations = (
				OBJ_69 /* Debug */,
				OBJ_70 /* Release */,
			);
			defaultConfigurationIsVisible = 0;
			defaultConfigurationName = Release;
		};
		OBJ_73 /* Build configuration list for PBXNativeTarget "GuavaTests" */ = {
			isa = XCConfigurationList;
			buildConfigurations = (
				OBJ_74 /* Debug */,
				OBJ_75 /* Release */,
			);
			defaultConfigurationIsVisible = 0;
			defaultConfigurationName = Release;
		};
/* End XCConfigurationList section */
	};
	rootObject = OBJ_1 /* Project object */;
}
